
Microsoft Visual Studio Solution File, Format Version 12.00
# Visual Studio Version 17
VisualStudioVersion = 17.3.32728.150
MinimumVisualStudioVersion = 10.0.40219.1
Project("{FAE04EC0-301F-11D3-BF4B-00C04F79EFBC}") = "UseSpan", "UseSpan\UseSpan.csproj", "{928F7E88-F4C4-4B7B-BA6A-898C5CD31AFF}"
EndProject
Global
	GlobalSection(SolutionConfigurationPlatforms) = preSolution
		Debug|Any CPU = Debug|Any CPU
		Release|Any CPU = Release|Any CPU
	EndGlobalSection
	GlobalSection(ProjectConfigurationPlatforms) = postSolution
		{928F7E88-F4C4-4B7B-BA6A-898C5CD31AFF}.Debug|Any CPU.ActiveCfg = Debug|Any CPU
		{928F7E88-F4C4-4B7B-BA6A-898C5CD31AFF}.Debug|Any CPU.Build.0 = Debug|Any CPU
		{928F7E88-F4C4-4B7B-BA6A-898C5CD31AFF}.Release|Any CPU.ActiveCfg = Release|Any CPU
		{928F7E88-F4C4-4B7B-BA6A-898C5CD31AFF}.Release|Any CPU.Build.0 = Release|Any CPU
	EndGlobalSection
	GlobalSection(SolutionProperties) = preSolution
		HideSolutionNode = FALSE
	EndGlobalSection
	GlobalSection(ExtensibilityGlobals) = postSolution
		SolutionGuid = {A04C5F37-7B2C-4539-8446-DA19C8731BAB}
	EndGlobalSection
EndGlobal
