
Microsoft Visual Studio Solution File, Format Version 12.00
# Visual Studio Version 17
VisualStudioVersion = 17.3.32728.150
MinimumVisualStudioVersion = 10.0.40219.1
Project("{FAE04EC0-301F-11D3-BF4B-00C04F79EFBC}") = "FirstConMystery", "FirstConMystery\FirstConMystery.csproj", "{21893988-49C4-4D8D-A1C0-5814E2100174}"
EndProject
Global
	GlobalSection(SolutionConfigurationPlatforms) = preSolution
		Debug|Any CPU = Debug|Any CPU
		Release|Any CPU = Release|Any CPU
	EndGlobalSection
	GlobalSection(ProjectConfigurationPlatforms) = postSolution
		{21893988-49C4-4D8D-A1C0-5814E2100174}.Debug|Any CPU.ActiveCfg = Debug|Any CPU
		{21893988-49C4-4D8D-A1C0-5814E2100174}.Debug|Any CPU.Build.0 = Debug|Any CPU
		{21893988-49C4-4D8D-A1C0-5814E2100174}.Release|Any CPU.ActiveCfg = Release|Any CPU
		{21893988-49C4-4D8D-A1C0-5814E2100174}.Release|Any CPU.Build.0 = Release|Any CPU
	EndGlobalSection
	GlobalSection(SolutionProperties) = preSolution
		HideSolutionNode = FALSE
	EndGlobalSection
	GlobalSection(ExtensibilityGlobals) = postSolution
		SolutionGuid = {C1A4EDD3-705B-491E-B24D-F26F88786B78}
	EndGlobalSection
EndGlobal
