
Microsoft Visual Studio Solution File, Format Version 12.00
# Visual Studio Version 17
VisualStudioVersion = 17.3.32728.150
MinimumVisualStudioVersion = 10.0.40219.1
Project("{FAE04EC0-301F-11D3-BF4B-00C04F79EFBC}") = "DirectoryInfo", "DirectoryInfo\DirectoryInfo.csproj", "{BB346839-9420-4DB0-B9AB-5D0846428C20}"
EndProject
Global
	GlobalSection(SolutionConfigurationPlatforms) = preSolution
		Debug|Any CPU = Debug|Any CPU
		Release|Any CPU = Release|Any CPU
	EndGlobalSection
	GlobalSection(ProjectConfigurationPlatforms) = postSolution
		{BB346839-9420-4DB0-B9AB-5D0846428C20}.Debug|Any CPU.ActiveCfg = Debug|Any CPU
		{BB346839-9420-4DB0-B9AB-5D0846428C20}.Debug|Any CPU.Build.0 = Debug|Any CPU
		{BB346839-9420-4DB0-B9AB-5D0846428C20}.Release|Any CPU.ActiveCfg = Release|Any CPU
		{BB346839-9420-4DB0-B9AB-5D0846428C20}.Release|Any CPU.Build.0 = Release|Any CPU
	EndGlobalSection
	GlobalSection(SolutionProperties) = preSolution
		HideSolutionNode = FALSE
	EndGlobalSection
	GlobalSection(ExtensibilityGlobals) = postSolution
		SolutionGuid = {E78213B6-8BC4-4F17-AA0F-52DB5E4C96C4}
	EndGlobalSection
EndGlobal
