
Microsoft Visual Studio Solution File, Format Version 12.00
# Visual Studio Version 17
VisualStudioVersion = 17.3.32728.150
MinimumVisualStudioVersion = 10.0.40219.1
Project("{FAE04EC0-301F-11D3-BF4B-00C04F79EFBC}") = "CreateDirectoryWithInfo", "CreateDirectoryWithInfo\CreateDirectoryWithInfo.csproj", "{B3A203B4-03C4-4605-815E-6ED39A3743DC}"
EndProject
Global
	GlobalSection(SolutionConfigurationPlatforms) = preSolution
		Debug|Any CPU = Debug|Any CPU
		Release|Any CPU = Release|Any CPU
	EndGlobalSection
	GlobalSection(ProjectConfigurationPlatforms) = postSolution
		{B3A203B4-03C4-4605-815E-6ED39A3743DC}.Debug|Any CPU.ActiveCfg = Debug|Any CPU
		{B3A203B4-03C4-4605-815E-6ED39A3743DC}.Debug|Any CPU.Build.0 = Debug|Any CPU
		{B3A203B4-03C4-4605-815E-6ED39A3743DC}.Release|Any CPU.ActiveCfg = Release|Any CPU
		{B3A203B4-03C4-4605-815E-6ED39A3743DC}.Release|Any CPU.Build.0 = Release|Any CPU
	EndGlobalSection
	GlobalSection(SolutionProperties) = preSolution
		HideSolutionNode = FALSE
	EndGlobalSection
	GlobalSection(ExtensibilityGlobals) = postSolution
		SolutionGuid = {F6B57C71-F308-4D47-9723-646483BA8001}
	EndGlobalSection
EndGlobal
