
Microsoft Visual Studio Solution File, Format Version 12.00
# Visual Studio Version 17
VisualStudioVersion = 17.3.32728.150
MinimumVisualStudioVersion = 10.0.40219.1
Project("{FAE04EC0-301F-11D3-BF4B-00C04F79EFBC}") = "Exists", "Exists\Exists.csproj", "{A69886BF-C70E-413D-A246-A220C72E8474}"
EndProject
Global
	GlobalSection(SolutionConfigurationPlatforms) = preSolution
		Debug|Any CPU = Debug|Any CPU
		Release|Any CPU = Release|Any CPU
	EndGlobalSection
	GlobalSection(ProjectConfigurationPlatforms) = postSolution
		{A69886BF-C70E-413D-A246-A220C72E8474}.Debug|Any CPU.ActiveCfg = Debug|Any CPU
		{A69886BF-C70E-413D-A246-A220C72E8474}.Debug|Any CPU.Build.0 = Debug|Any CPU
		{A69886BF-C70E-413D-A246-A220C72E8474}.Release|Any CPU.ActiveCfg = Release|Any CPU
		{A69886BF-C70E-413D-A246-A220C72E8474}.Release|Any CPU.Build.0 = Release|Any CPU
	EndGlobalSection
	GlobalSection(SolutionProperties) = preSolution
		HideSolutionNode = FALSE
	EndGlobalSection
	GlobalSection(ExtensibilityGlobals) = postSolution
		SolutionGuid = {392B0944-CC28-49DD-9059-DD9627E19A50}
	EndGlobalSection
EndGlobal
