
Microsoft Visual Studio Solution File, Format Version 12.00
# Visual Studio Version 17
VisualStudioVersion = 17.3.32728.150
MinimumVisualStudioVersion = 10.0.40219.1
Project("{FAE04EC0-301F-11D3-BF4B-00C04F79EFBC}") = "CreateFile", "CreateFile\CreateFile.csproj", "{3A9D969E-D61B-48C7-8D5E-9AA9A3DDDF1D}"
EndProject
Global
	GlobalSection(SolutionConfigurationPlatforms) = preSolution
		Debug|Any CPU = Debug|Any CPU
		Release|Any CPU = Release|Any CPU
	EndGlobalSection
	GlobalSection(ProjectConfigurationPlatforms) = postSolution
		{3A9D969E-D61B-48C7-8D5E-9AA9A3DDDF1D}.Debug|Any CPU.ActiveCfg = Debug|Any CPU
		{3A9D969E-D61B-48C7-8D5E-9AA9A3DDDF1D}.Debug|Any CPU.Build.0 = Debug|Any CPU
		{3A9D969E-D61B-48C7-8D5E-9AA9A3DDDF1D}.Release|Any CPU.ActiveCfg = Release|Any CPU
		{3A9D969E-D61B-48C7-8D5E-9AA9A3DDDF1D}.Release|Any CPU.Build.0 = Release|Any CPU
	EndGlobalSection
	GlobalSection(SolutionProperties) = preSolution
		HideSolutionNode = FALSE
	EndGlobalSection
	GlobalSection(ExtensibilityGlobals) = postSolution
		SolutionGuid = {CC58022C-535B-4F2C-A19D-7BB776791C9A}
	EndGlobalSection
EndGlobal
