
Microsoft Visual Studio Solution File, Format Version 12.00
# Visual Studio Version 17
VisualStudioVersion = 17.3.32728.150
MinimumVisualStudioVersion = 10.0.40219.1
Project("{FAE04EC0-301F-11D3-BF4B-00C04F79EFBC}") = "CreateDirectoryWithFile", "CreateDirectoryWithFile\CreateDirectoryWithFile.csproj", "{21A8F7A2-52E3-4BD1-9550-7142126D097C}"
EndProject
Global
	GlobalSection(SolutionConfigurationPlatforms) = preSolution
		Debug|Any CPU = Debug|Any CPU
		Release|Any CPU = Release|Any CPU
	EndGlobalSection
	GlobalSection(ProjectConfigurationPlatforms) = postSolution
		{21A8F7A2-52E3-4BD1-9550-7142126D097C}.Debug|Any CPU.ActiveCfg = Debug|Any CPU
		{21A8F7A2-52E3-4BD1-9550-7142126D097C}.Debug|Any CPU.Build.0 = Debug|Any CPU
		{21A8F7A2-52E3-4BD1-9550-7142126D097C}.Release|Any CPU.ActiveCfg = Release|Any CPU
		{21A8F7A2-52E3-4BD1-9550-7142126D097C}.Release|Any CPU.Build.0 = Release|Any CPU
	EndGlobalSection
	GlobalSection(SolutionProperties) = preSolution
		HideSolutionNode = FALSE
	EndGlobalSection
	GlobalSection(ExtensibilityGlobals) = postSolution
		SolutionGuid = {146FEC89-5C53-4713-B954-8F36D620B76A}
	EndGlobalSection
EndGlobal
