
Microsoft Visual Studio Solution File, Format Version 12.00
# Visual Studio Version 17
VisualStudioVersion = 17.3.32728.150
MinimumVisualStudioVersion = 10.0.40219.1
Project("{FAE04EC0-301F-11D3-BF4B-00C04F79EFBC}") = "RemoveDirectoryWithFile", "RemoveDirectoryWithFile\RemoveDirectoryWithFile.csproj", "{EBC4526A-E303-412C-8C04-918CC8376BAF}"
EndProject
Global
	GlobalSection(SolutionConfigurationPlatforms) = preSolution
		Debug|Any CPU = Debug|Any CPU
		Release|Any CPU = Release|Any CPU
	EndGlobalSection
	GlobalSection(ProjectConfigurationPlatforms) = postSolution
		{EBC4526A-E303-412C-8C04-918CC8376BAF}.Debug|Any CPU.ActiveCfg = Debug|Any CPU
		{EBC4526A-E303-412C-8C04-918CC8376BAF}.Debug|Any CPU.Build.0 = Debug|Any CPU
		{EBC4526A-E303-412C-8C04-918CC8376BAF}.Release|Any CPU.ActiveCfg = Release|Any CPU
		{EBC4526A-E303-412C-8C04-918CC8376BAF}.Release|Any CPU.Build.0 = Release|Any CPU
	EndGlobalSection
	GlobalSection(SolutionProperties) = preSolution
		HideSolutionNode = FALSE
	EndGlobalSection
	GlobalSection(ExtensibilityGlobals) = postSolution
		SolutionGuid = {7B13BF2A-B50F-44CB-B82E-579B50BB80A2}
	EndGlobalSection
EndGlobal
