
Microsoft Visual Studio Solution File, Format Version 12.00
# Visual Studio Version 17
VisualStudioVersion = 17.3.32728.150
MinimumVisualStudioVersion = 10.0.40219.1
Project("{FAE04EC0-301F-11D3-BF4B-00C04F79EFBC}") = "RemoveDirectoryWithFile2", "RemoveDirectoryWithFile2\RemoveDirectoryWithFile2.csproj", "{2EB57187-D3EE-455B-B7B2-A03C220C9733}"
EndProject
Global
	GlobalSection(SolutionConfigurationPlatforms) = preSolution
		Debug|Any CPU = Debug|Any CPU
		Release|Any CPU = Release|Any CPU
	EndGlobalSection
	GlobalSection(ProjectConfigurationPlatforms) = postSolution
		{2EB57187-D3EE-455B-B7B2-A03C220C9733}.Debug|Any CPU.ActiveCfg = Debug|Any CPU
		{2EB57187-D3EE-455B-B7B2-A03C220C9733}.Debug|Any CPU.Build.0 = Debug|Any CPU
		{2EB57187-D3EE-455B-B7B2-A03C220C9733}.Release|Any CPU.ActiveCfg = Release|Any CPU
		{2EB57187-D3EE-455B-B7B2-A03C220C9733}.Release|Any CPU.Build.0 = Release|Any CPU
	EndGlobalSection
	GlobalSection(SolutionProperties) = preSolution
		HideSolutionNode = FALSE
	EndGlobalSection
	GlobalSection(ExtensibilityGlobals) = postSolution
		SolutionGuid = {14AB57D6-3A48-49B6-9292-33248725CFBA}
	EndGlobalSection
EndGlobal
